
Microsoft Visual Studio Solution File, Format Version 12.00
# Visual Studio 14
VisualStudioVersion = 14.0.24720.0
MinimumVisualStudioVersion = 10.0.40219.1
Project("{FAE04EC0-301F-11D3-BF4B-00C04F79EFBC}") = "ModernUI.Templates", "ModernUI.Templates\ModernUI.Templates.csproj", "{4756B8AA-6CB0-4121-9E89-9A46ABFCFD9B}"
EndProject
Project("{FAE04EC0-301F-11D3-BF4B-00C04F79EFBC}") = "ModernUI.App", "ModernUI.App\ModernUI.App.csproj", "{D5E3C846-3416-4A6D-9ED9-B5C545589566}"
EndProject
Project("{FAE04EC0-301F-11D3-BF4B-00C04F79EFBC}") = "ModernUI.BasicPage", "ModernUI.BasicPage\ModernUI.BasicPage.csproj", "{7C12CCD1-4ADD-4569-88F1-4B30786A2295}"
EndProject
Project("{FAE04EC0-301F-11D3-BF4B-00C04F79EFBC}") = "ModernUI.SplitPage", "ModernUI.SplitPage\ModernUI.SplitPage.csproj", "{6178D4C9-0C63-4E46-8FC3-E54EAECC54FD}"
EndProject
Project("{FAE04EC0-301F-11D3-BF4B-00C04F79EFBC}") = "ModernUI.ListPage", "ModernUI.ListPage\ModernUI.ListPage.csproj", "{74941DDC-60DB-4114-8482-50406100E331}"
EndProject
Project("{FAE04EC0-301F-11D3-BF4B-00C04F79EFBC}") = "ModernUI.TabPage", "ModernUI.TabPage\ModernUI.TabPage.csproj", "{00A0C6EA-C25B-45A1-BCD9-B293DCAA9DC9}"
EndProject
Project("{FAE04EC0-301F-11D3-BF4B-00C04F79EFBC}") = "ModernUI.Theme", "ModernUI.Theme\ModernUI.Theme.csproj", "{C21BF009-8B83-4782-9154-36C8F80A9978}"
EndProject
Project("{FAE04EC0-301F-11D3-BF4B-00C04F79EFBC}") = "ModernUI.NavigationApp", "ModernUI.NavigationApp\ModernUI.NavigationApp.csproj", "{B222E7A3-B131-42C9-9145-9D724C8E0509}"
EndProject
Project("{FAE04EC0-301F-11D3-BF4B-00C04F79EFBC}") = "ModernUI.ModernWindow", "ModernUI.ModernWindow\ModernUI.ModernWindow.csproj", "{FC631CAB-3425-42E6-9435-816C0F1A74FF}"
EndProject
Project("{FAE04EC0-301F-11D3-BF4B-00C04F79EFBC}") = "ModernUI.ModernDialog", "ModernUI.ModernDialog\ModernUI.ModernDialog.csproj", "{D1EACEAA-CB0D-4DB8-8370-20267435B213}"
EndProject
Global
	GlobalSection(SolutionConfigurationPlatforms) = preSolution
		Debug|Any CPU = Debug|Any CPU
		Release|Any CPU = Release|Any CPU
	EndGlobalSection
	GlobalSection(ProjectConfigurationPlatforms) = postSolution
		{4756B8AA-6CB0-4121-9E89-9A46ABFCFD9B}.Debug|Any CPU.ActiveCfg = Debug|Any CPU
		{4756B8AA-6CB0-4121-9E89-9A46ABFCFD9B}.Debug|Any CPU.Build.0 = Debug|Any CPU
		{4756B8AA-6CB0-4121-9E89-9A46ABFCFD9B}.Release|Any CPU.ActiveCfg = Release|Any CPU
		{4756B8AA-6CB0-4121-9E89-9A46ABFCFD9B}.Release|Any CPU.Build.0 = Release|Any CPU
		{D5E3C846-3416-4A6D-9ED9-B5C545589566}.Debug|Any CPU.ActiveCfg = Debug|Any CPU
		{D5E3C846-3416-4A6D-9ED9-B5C545589566}.Debug|Any CPU.Build.0 = Debug|Any CPU
		{D5E3C846-3416-4A6D-9ED9-B5C545589566}.Release|Any CPU.ActiveCfg = Release|Any CPU
		{D5E3C846-3416-4A6D-9ED9-B5C545589566}.Release|Any CPU.Build.0 = Release|Any CPU
		{7C12CCD1-4ADD-4569-88F1-4B30786A2295}.Debug|Any CPU.ActiveCfg = Debug|Any CPU
		{7C12CCD1-4ADD-4569-88F1-4B30786A2295}.Debug|Any CPU.Build.0 = Debug|Any CPU
		{7C12CCD1-4ADD-4569-88F1-4B30786A2295}.Release|Any CPU.ActiveCfg = Release|Any CPU
		{7C12CCD1-4ADD-4569-88F1-4B30786A2295}.Release|Any CPU.Build.0 = Release|Any CPU
		{6178D4C9-0C63-4E46-8FC3-E54EAECC54FD}.Debug|Any CPU.ActiveCfg = Debug|Any CPU
		{6178D4C9-0C63-4E46-8FC3-E54EAECC54FD}.Debug|Any CPU.Build.0 = Debug|Any CPU
		{6178D4C9-0C63-4E46-8FC3-E54EAECC54FD}.Release|Any CPU.ActiveCfg = Release|Any CPU
		{6178D4C9-0C63-4E46-8FC3-E54EAECC54FD}.Release|Any CPU.Build.0 = Release|Any CPU
		{74941DDC-60DB-4114-8482-50406100E331}.Debug|Any CPU.ActiveCfg = Debug|Any CPU
		{74941DDC-60DB-4114-8482-50406100E331}.Debug|Any CPU.Build.0 = Debug|Any CPU
		{74941DDC-60DB-4114-8482-50406100E331}.Release|Any CPU.ActiveCfg = Release|Any CPU
		{74941DDC-60DB-4114-8482-50406100E331}.Release|Any CPU.Build.0 = Release|Any CPU
		{00A0C6EA-C25B-45A1-BCD9-B293DCAA9DC9}.Debug|Any CPU.ActiveCfg = Debug|Any CPU
		{00A0C6EA-C25B-45A1-BCD9-B293DCAA9DC9}.Debug|Any CPU.Build.0 = Debug|Any CPU
		{00A0C6EA-C25B-45A1-BCD9-B293DCAA9DC9}.Release|Any CPU.ActiveCfg = Release|Any CPU
		{00A0C6EA-C25B-45A1-BCD9-B293DCAA9DC9}.Release|Any CPU.Build.0 = Release|Any CPU
		{C21BF009-8B83-4782-9154-36C8F80A9978}.Debug|Any CPU.ActiveCfg = Debug|Any CPU
		{C21BF009-8B83-4782-9154-36C8F80A9978}.Debug|Any CPU.Build.0 = Debug|Any CPU
		{C21BF009-8B83-4782-9154-36C8F80A9978}.Release|Any CPU.ActiveCfg = Release|Any CPU
		{C21BF009-8B83-4782-9154-36C8F80A9978}.Release|Any CPU.Build.0 = Release|Any CPU
		{B222E7A3-B131-42C9-9145-9D724C8E0509}.Debug|Any CPU.ActiveCfg = Debug|Any CPU
		{B222E7A3-B131-42C9-9145-9D724C8E0509}.Debug|Any CPU.Build.0 = Debug|Any CPU
		{B222E7A3-B131-42C9-9145-9D724C8E0509}.Release|Any CPU.ActiveCfg = Release|Any CPU
		{B222E7A3-B131-42C9-9145-9D724C8E0509}.Release|Any CPU.Build.0 = Release|Any CPU
		{FC631CAB-3425-42E6-9435-816C0F1A74FF}.Debug|Any CPU.ActiveCfg = Debug|Any CPU
		{FC631CAB-3425-42E6-9435-816C0F1A74FF}.Debug|Any CPU.Build.0 = Debug|Any CPU
		{FC631CAB-3425-42E6-9435-816C0F1A74FF}.Release|Any CPU.ActiveCfg = Release|Any CPU
		{FC631CAB-3425-42E6-9435-816C0F1A74FF}.Release|Any CPU.Build.0 = Release|Any CPU
		{D1EACEAA-CB0D-4DB8-8370-20267435B213}.Debug|Any CPU.ActiveCfg = Debug|Any CPU
		{D1EACEAA-CB0D-4DB8-8370-20267435B213}.Debug|Any CPU.Build.0 = Debug|Any CPU
		{D1EACEAA-CB0D-4DB8-8370-20267435B213}.Release|Any CPU.ActiveCfg = Release|Any CPU
		{D1EACEAA-CB0D-4DB8-8370-20267435B213}.Release|Any CPU.Build.0 = Release|Any CPU
	EndGlobalSection
	GlobalSection(SolutionProperties) = preSolution
		HideSolutionNode = FALSE
	EndGlobalSection
EndGlobal
