
Microsoft Visual Studio Solution File, Format Version 12.00
# Visual Studio 2012
Project("{FAE04EC0-301F-11D3-BF4B-00C04F79EFBC}") = "FirstFloor.ModernUI", "FirstFloor.ModernUI\FirstFloor.ModernUI.csproj", "{9A653A28-FE46-40E8-A14F-48B0E325165D}"
EndProject
Project("{2150E333-8FDC-42A3-9474-1A3956D46DE8}") = "Binaries", "Binaries", "{E3D8DFD4-4299-4FE0-9BE8-0CB41F189489}"
	ProjectSection(SolutionItems) = preProject
		Binaries\Microsoft.Windows.Shell.dll = Binaries\Microsoft.Windows.Shell.dll
	EndProjectSection
EndProject
Project("{FAE04EC0-301F-11D3-BF4B-00C04F79EFBC}") = "FirstFloor.ModernUI.App", "FirstFloor.ModernUI.App\FirstFloor.ModernUI.App.csproj", "{BA5911EB-F34B-4F8D-AB29-6B967ED0B8DC}"
EndProject
Project("{2150E333-8FDC-42A3-9474-1A3956D46DE8}") = "License", "License", "{2AC3CC94-8119-4CDC-A01C-02455F8E8AF5}"
	ProjectSection(SolutionItems) = preProject
		License.Icons.txt = License.Icons.txt
		License.RelativeAnimatingContentControl.txt = License.RelativeAnimatingContentControl.txt
		License.txt = License.txt
		ReadMe.txt = ReadMe.txt
	EndProjectSection
EndProject
Project("{FAE04EC0-301F-11D3-BF4B-00C04F79EFBC}") = "FirstFloor.ModernUI.WPF4", "FirstFloor.ModernUI.WPF4\FirstFloor.ModernUI.WPF4.csproj", "{A0EA4572-2726-4585-8E17-3A81A0EAFA61}"
EndProject
Project("{2150E333-8FDC-42A3-9474-1A3956D46DE8}") = "Build", "Build", "{B74B36EF-E37C-4A70-A9C8-C0715D593B67}"
	ProjectSection(SolutionItems) = preProject
		Build\Build.bat = Build\Build.bat
		Build\ModernUI.msbuild = Build\ModernUI.msbuild
		Build\ModernUI.WPF.nuspec = Build\ModernUI.WPF.nuspec
	EndProjectSection
EndProject
Project("{2150E333-8FDC-42A3-9474-1A3956D46DE8}") = "Binaries", "Binaries", "{14C3EC42-FD0C-4966-A684-AF2B1808A10A}"
	ProjectSection(SolutionItems) = preProject
		Build\Binaries\MSBuild.Community.Tasks.dll = Build\Binaries\MSBuild.Community.Tasks.dll
		Build\Binaries\NuGet.exe = Build\Binaries\NuGet.exe
		Build\Binaries\signvsix.exe = Build\Binaries\signvsix.exe
	EndProjectSection
EndProject
Global
	GlobalSection(TeamFoundationVersionControl) = preSolution
		SccNumberOfProjects = 4
		SccEnterpriseProvider = {4CA58AB2-18FA-4F8D-95D4-32DDF27D184C}
		SccTeamFoundationServer = https://tfs.codeplex.com/tfs/tfs02
		SccLocalPath0 = .
		SccProjectUniqueName1 = FirstFloor.ModernUI.App\\FirstFloor.ModernUI.App.csproj
		SccProjectName1 = FirstFloor.ModernUI.App
		SccLocalPath1 = FirstFloor.ModernUI.App
		SccProjectUniqueName2 = FirstFloor.ModernUI\\FirstFloor.ModernUI.csproj
		SccProjectName2 = FirstFloor.ModernUI
		SccLocalPath2 = FirstFloor.ModernUI
		SccProjectUniqueName3 = FirstFloor.ModernUI.WPF4\\FirstFloor.ModernUI.WPF4.csproj
		SccProjectName3 = FirstFloor.ModernUI.WPF4
		SccLocalPath3 = FirstFloor.ModernUI.WPF4
	EndGlobalSection
	GlobalSection(SolutionConfigurationPlatforms) = preSolution
		Debug|Any CPU = Debug|Any CPU
		Release|Any CPU = Release|Any CPU
	EndGlobalSection
	GlobalSection(ProjectConfigurationPlatforms) = postSolution
		{9A653A28-FE46-40E8-A14F-48B0E325165D}.Debug|Any CPU.ActiveCfg = Debug|Any CPU
		{9A653A28-FE46-40E8-A14F-48B0E325165D}.Debug|Any CPU.Build.0 = Debug|Any CPU
		{9A653A28-FE46-40E8-A14F-48B0E325165D}.Release|Any CPU.ActiveCfg = Release|Any CPU
		{9A653A28-FE46-40E8-A14F-48B0E325165D}.Release|Any CPU.Build.0 = Release|Any CPU
		{BA5911EB-F34B-4F8D-AB29-6B967ED0B8DC}.Debug|Any CPU.ActiveCfg = Debug|Any CPU
		{BA5911EB-F34B-4F8D-AB29-6B967ED0B8DC}.Debug|Any CPU.Build.0 = Debug|Any CPU
		{BA5911EB-F34B-4F8D-AB29-6B967ED0B8DC}.Release|Any CPU.ActiveCfg = Release|Any CPU
		{BA5911EB-F34B-4F8D-AB29-6B967ED0B8DC}.Release|Any CPU.Build.0 = Release|Any CPU
		{A0EA4572-2726-4585-8E17-3A81A0EAFA61}.Debug|Any CPU.ActiveCfg = Debug|Any CPU
		{A0EA4572-2726-4585-8E17-3A81A0EAFA61}.Debug|Any CPU.Build.0 = Debug|Any CPU
		{A0EA4572-2726-4585-8E17-3A81A0EAFA61}.Release|Any CPU.ActiveCfg = Release|Any CPU
		{A0EA4572-2726-4585-8E17-3A81A0EAFA61}.Release|Any CPU.Build.0 = Release|Any CPU
	EndGlobalSection
	GlobalSection(SolutionProperties) = preSolution
		HideSolutionNode = FALSE
	EndGlobalSection
	GlobalSection(NestedProjects) = preSolution
		{14C3EC42-FD0C-4966-A684-AF2B1808A10A} = {B74B36EF-E37C-4A70-A9C8-C0715D593B67}
	EndGlobalSection
EndGlobal
